// !$*UTF8*$!
{
	archiveVersion = 1;
	classes = {
	};
	objectVersion = 56;
	objects = {

/* Begin PBXBuildFile section */
		6620E7462ABDB18D002B2B45 /* TabBarController.swift in Sources */ = {isa = PBXBuildFile; fileRef = 6620E7452ABDB18D002B2B45 /* TabBarController.swift */; };
		6620E7482ABDB7BA002B2B45 /* CategoryCollectionView.swift in Sources */ = {isa = PBXBuildFile; fileRef = 6620E7472ABDB7BA002B2B45 /* CategoryCollectionView.swift */; };
		6620E74A2ABDB7C7002B2B45 /* CategoryCollectionViewCell.swift in Sources */ = {isa = PBXBuildFile; fileRef = 6620E7492ABDB7C7002B2B45 /* CategoryCollectionViewCell.swift */; };
		6620E74C2ABDB823002B2B45 /* GeometricParams.swift in Sources */ = {isa = PBXBuildFile; fileRef = 6620E74B2ABDB823002B2B45 /* GeometricParams.swift */; };
		6620E74E2ABDE742002B2B45 /* CategoryMenuCollectionView.swift in Sources */ = {isa = PBXBuildFile; fileRef = 6620E74D2ABDE742002B2B45 /* CategoryMenuCollectionView.swift */; };
		6620E7502ABDE758002B2B45 /* CategoryMenuCollectionViewCell.swift in Sources */ = {isa = PBXBuildFile; fileRef = 6620E74F2ABDE758002B2B45 /* CategoryMenuCollectionViewCell.swift */; };
		6620E7532ABE0258002B2B45 /* SupplementaryView.swift in Sources */ = {isa = PBXBuildFile; fileRef = 6620E7522ABE0258002B2B45 /* SupplementaryView.swift */; };
		662128B42ABC81B700B28A8C /* CategoryModel.swift in Sources */ = {isa = PBXBuildFile; fileRef = 662128B32ABC81B700B28A8C /* CategoryModel.swift */; };
		662128B62ABC82C600B28A8C /* CategoryMenuModel.swift in Sources */ = {isa = PBXBuildFile; fileRef = 662128B52ABC82C600B28A8C /* CategoryMenuModel.swift */; };
		662128BA2ABC9E2200B28A8C /* URlSession + URLRequest.swift in Sources */ = {isa = PBXBuildFile; fileRef = 662128B82ABC9E2200B28A8C /* URlSession + URLRequest.swift */; };
		662128BB2ABC9E2200B28A8C /* UIimageLoadImage.swift in Sources */ = {isa = PBXBuildFile; fileRef = 662128B92ABC9E2200B28A8C /* UIimageLoadImage.swift */; };
		662128BE2ABC9E6100B28A8C /* CategoryService.swift in Sources */ = {isa = PBXBuildFile; fileRef = 662128BD2ABC9E6100B28A8C /* CategoryService.swift */; };
		662128C12ABCA67C00B28A8C /* CategoryMenuService.swift in Sources */ = {isa = PBXBuildFile; fileRef = 662128C02ABCA67C00B28A8C /* CategoryMenuService.swift */; };
		66E9E75E2ABB7AFD00DC1412 /* AppDelegate.swift in Sources */ = {isa = PBXBuildFile; fileRef = 66E9E75D2ABB7AFD00DC1412 /* AppDelegate.swift */; };
		66E9E7602ABB7AFD00DC1412 /* SceneDelegate.swift in Sources */ = {isa = PBXBuildFile; fileRef = 66E9E75F2ABB7AFD00DC1412 /* SceneDelegate.swift */; };
		66E9E7622ABB7AFD00DC1412 /* ViewController.swift in Sources */ = {isa = PBXBuildFile; fileRef = 66E9E7612ABB7AFD00DC1412 /* ViewController.swift */; };
		66E9E7672ABB7AFF00DC1412 /* Assets.xcassets in Resources */ = {isa = PBXBuildFile; fileRef = 66E9E7662ABB7AFF00DC1412 /* Assets.xcassets */; };
		66E9E76A2ABB7AFF00DC1412 /* LaunchScreen.storyboard in Resources */ = {isa = PBXBuildFile; fileRef = 66E9E7682ABB7AFF00DC1412 /* LaunchScreen.storyboard */; };
/* End PBXBuildFile section */

/* Begin PBXFileReference section */
		6620E7452ABDB18D002B2B45 /* TabBarController.swift */ = {isa = PBXFileReference; fileEncoding = 4; lastKnownFileType = sourcecode.swift; path = TabBarController.swift; sourceTree = "<group>"; };
		6620E7472ABDB7BA002B2B45 /* CategoryCollectionView.swift */ = {isa = PBXFileReference; lastKnownFileType = sourcecode.swift; path = CategoryCollectionView.swift; sourceTree = "<group>"; };
		6620E7492ABDB7C7002B2B45 /* CategoryCollectionViewCell.swift */ = {isa = PBXFileReference; lastKnownFileType = sourcecode.swift; path = CategoryCollectionViewCell.swift; sourceTree = "<group>"; };
		6620E74B2ABDB823002B2B45 /* GeometricParams.swift */ = {isa = PBXFileReference; fileEncoding = 4; lastKnownFileType = sourcecode.swift; path = GeometricParams.swift; sourceTree = "<group>"; };
		6620E74D2ABDE742002B2B45 /* CategoryMenuCollectionView.swift */ = {isa = PBXFileReference; lastKnownFileType = sourcecode.swift; path = CategoryMenuCollectionView.swift; sourceTree = "<group>"; };
		6620E74F2ABDE758002B2B45 /* CategoryMenuCollectionViewCell.swift */ = {isa = PBXFileReference; lastKnownFileType = sourcecode.swift; path = CategoryMenuCollectionViewCell.swift; sourceTree = "<group>"; };
		6620E7522ABE0258002B2B45 /* SupplementaryView.swift */ = {isa = PBXFileReference; fileEncoding = 4; lastKnownFileType = sourcecode.swift; path = SupplementaryView.swift; sourceTree = "<group>"; };
		662128B32ABC81B700B28A8C /* CategoryModel.swift */ = {isa = PBXFileReference; lastKnownFileType = sourcecode.swift; path = CategoryModel.swift; sourceTree = "<group>"; };
		662128B52ABC82C600B28A8C /* CategoryMenuModel.swift */ = {isa = PBXFileReference; lastKnownFileType = sourcecode.swift; path = CategoryMenuModel.swift; sourceTree = "<group>"; };
		662128B82ABC9E2200B28A8C /* URlSession + URLRequest.swift */ = {isa = PBXFileReference; fileEncoding = 4; lastKnownFileType = sourcecode.swift; path = "URlSession + URLRequest.swift"; sourceTree = "<group>"; };
		662128B92ABC9E2200B28A8C /* UIimageLoadImage.swift */ = {isa = PBXFileReference; fileEncoding = 4; lastKnownFileType = sourcecode.swift; path = UIimageLoadImage.swift; sourceTree = "<group>"; };
		662128BD2ABC9E6100B28A8C /* CategoryService.swift */ = {isa = PBXFileReference; lastKnownFileType = sourcecode.swift; path = CategoryService.swift; sourceTree = "<group>"; };
		662128C02ABCA67C00B28A8C /* CategoryMenuService.swift */ = {isa = PBXFileReference; lastKnownFileType = sourcecode.swift; path = CategoryMenuService.swift; sourceTree = "<group>"; };
		66E9E75A2ABB7AFD00DC1412 /* SushiApp.app */ = {isa = PBXFileReference; explicitFileType = wrapper.application; includeInIndex = 0; path = SushiApp.app; sourceTree = BUILT_PRODUCTS_DIR; };
		66E9E75D2ABB7AFD00DC1412 /* AppDelegate.swift */ = {isa = PBXFileReference; lastKnownFileType = sourcecode.swift; path = AppDelegate.swift; sourceTree = "<group>"; };
		66E9E75F2ABB7AFD00DC1412 /* SceneDelegate.swift */ = {isa = PBXFileReference; lastKnownFileType = sourcecode.swift; path = SceneDelegate.swift; sourceTree = "<group>"; };
		66E9E7612ABB7AFD00DC1412 /* ViewController.swift */ = {isa = PBXFileReference; lastKnownFileType = sourcecode.swift; path = ViewController.swift; sourceTree = "<group>"; };
		66E9E7662ABB7AFF00DC1412 /* Assets.xcassets */ = {isa = PBXFileReference; lastKnownFileType = folder.assetcatalog; path = Assets.xcassets; sourceTree = "<group>"; };
		66E9E7692ABB7AFF00DC1412 /* Base */ = {isa = PBXFileReference; lastKnownFileType = file.storyboard; name = Base; path = Base.lproj/LaunchScreen.storyboard; sourceTree = "<group>"; };
		66E9E76B2ABB7AFF00DC1412 /* Info.plist */ = {isa = PBXFileReference; lastKnownFileType = text.plist.xml; path = Info.plist; sourceTree = "<group>"; };
/* End PBXFileReference section */

/* Begin PBXFrameworksBuildPhase section */
		66E9E7572ABB7AFD00DC1412 /* Frameworks */ = {
			isa = PBXFrameworksBuildPhase;
			buildActionMask = 2147483647;
			files = (
			);
			runOnlyForDeploymentPostprocessing = 0;
		};
/* End PBXFrameworksBuildPhase section */

/* Begin PBXGroup section */
		6620E7512ABE0247002B2B45 /* CustomUI */ = {
			isa = PBXGroup;
			children = (
				6620E7522ABE0258002B2B45 /* SupplementaryView.swift */,
			);
			path = CustomUI;
			sourceTree = "<group>";
		};
		662128B22ABC80FE00B28A8C /* Model */ = {
			isa = PBXGroup;
			children = (
				662128B32ABC81B700B28A8C /* CategoryModel.swift */,
				662128B52ABC82C600B28A8C /* CategoryMenuModel.swift */,
			);
			path = Model;
			sourceTree = "<group>";
		};
		662128B72ABC9E2200B28A8C /* Helpers */ = {
			isa = PBXGroup;
			children = (
				6620E74B2ABDB823002B2B45 /* GeometricParams.swift */,
				662128B82ABC9E2200B28A8C /* URlSession + URLRequest.swift */,
				662128B92ABC9E2200B28A8C /* UIimageLoadImage.swift */,
			);
			path = Helpers;
			sourceTree = "<group>";
		};
		662128BC2ABC9E4200B28A8C /* Services */ = {
			isa = PBXGroup;
			children = (
				662128BD2ABC9E6100B28A8C /* CategoryService.swift */,
				662128C02ABCA67C00B28A8C /* CategoryMenuService.swift */,
			);
			path = Services;
			sourceTree = "<group>";
		};
		66E9E7512ABB7AFD00DC1412 = {
			isa = PBXGroup;
			children = (
				66E9E75C2ABB7AFD00DC1412 /* SushiApp */,
				66E9E75B2ABB7AFD00DC1412 /* Products */,
			);
			sourceTree = "<group>";
		};
		66E9E75B2ABB7AFD00DC1412 /* Products */ = {
			isa = PBXGroup;
			children = (
				66E9E75A2ABB7AFD00DC1412 /* SushiApp.app */,
			);
			name = Products;
			sourceTree = "<group>";
		};
		66E9E75C2ABB7AFD00DC1412 /* SushiApp */ = {
			isa = PBXGroup;
			children = (
				662128BC2ABC9E4200B28A8C /* Services */,
				662128B72ABC9E2200B28A8C /* Helpers */,
				662128B22ABC80FE00B28A8C /* Model */,
				66E9E7712ABB7F1900DC1412 /* System */,
				66E9E7732ABB7F9100DC1412 /* Presentation */,
			);
			path = SushiApp;
			sourceTree = "<group>";
		};
		66E9E7712ABB7F1900DC1412 /* System */ = {
			isa = PBXGroup;
			children = (
				66E9E7662ABB7AFF00DC1412 /* Assets.xcassets */,
				66E9E7682ABB7AFF00DC1412 /* LaunchScreen.storyboard */,
				66E9E76B2ABB7AFF00DC1412 /* Info.plist */,
				66E9E7722ABB7F2900DC1412 /* Life cycle */,
			);
			path = System;
			sourceTree = "<group>";
		};
		66E9E7722ABB7F2900DC1412 /* Life cycle */ = {
			isa = PBXGroup;
			children = (
				66E9E75D2ABB7AFD00DC1412 /* AppDelegate.swift */,
				66E9E75F2ABB7AFD00DC1412 /* SceneDelegate.swift */,
			);
			path = "Life cycle";
			sourceTree = "<group>";
		};
		66E9E7732ABB7F9100DC1412 /* Presentation */ = {
			isa = PBXGroup;
			children = (
				6620E7512ABE0247002B2B45 /* CustomUI */,
				66E9E7612ABB7AFD00DC1412 /* ViewController.swift */,
				6620E7452ABDB18D002B2B45 /* TabBarController.swift */,
				6620E7472ABDB7BA002B2B45 /* CategoryCollectionView.swift */,
				6620E7492ABDB7C7002B2B45 /* CategoryCollectionViewCell.swift */,
				6620E74D2ABDE742002B2B45 /* CategoryMenuCollectionView.swift */,
				6620E74F2ABDE758002B2B45 /* CategoryMenuCollectionViewCell.swift */,
			);
			path = Presentation;
			sourceTree = "<group>";
		};
/* End PBXGroup section */

/* Begin PBXNativeTarget section */
		66E9E7592ABB7AFD00DC1412 /* SushiApp */ = {
			isa = PBXNativeTarget;
			buildConfigurationList = 66E9E76E2ABB7AFF00DC1412 /* Build configuration list for PBXNativeTarget "SushiApp" */;
			buildPhases = (
				66E9E7562ABB7AFD00DC1412 /* Sources */,
				66E9E7572ABB7AFD00DC1412 /* Frameworks */,
				66E9E7582ABB7AFD00DC1412 /* Resources */,
			);
			buildRules = (
			);
			dependencies = (
			);
			name = SushiApp;
			productName = SushiApp;
			productReference = 66E9E75A2ABB7AFD00DC1412 /* SushiApp.app */;
			productType = "com.apple.product-type.application";
		};
/* End PBXNativeTarget section */

/* Begin PBXProject section */
		66E9E7522ABB7AFD00DC1412 /* Project object */ = {
			isa = PBXProject;
			attributes = {
				BuildIndependentTargetsInParallel = 1;
				LastSwiftUpdateCheck = 1500;
				LastUpgradeCheck = 1500;
				TargetAttributes = {
					66E9E7592ABB7AFD00DC1412 = {
						CreatedOnToolsVersion = 15.0;
					};
				};
			};
			buildConfigurationList = 66E9E7552ABB7AFD00DC1412 /* Build configuration list for PBXProject "SushiApp" */;
			compatibilityVersion = "Xcode 14.0";
			developmentRegion = en;
			hasScannedForEncodings = 0;
			knownRegions = (
				en,
				Base,
			);
			mainGroup = 66E9E7512ABB7AFD00DC1412;
			productRefGroup = 66E9E75B2ABB7AFD00DC1412 /* Products */;
			projectDirPath = "";
			projectRoot = "";
			targets = (
				66E9E7592ABB7AFD00DC1412 /* SushiApp */,
			);
		};
/* End PBXProject section */

/* Begin PBXResourcesBuildPhase section */
		66E9E7582ABB7AFD00DC1412 /* Resources */ = {
			isa = PBXResourcesBuildPhase;
			buildActionMask = 2147483647;
			files = (
				66E9E76A2ABB7AFF00DC1412 /* LaunchScreen.storyboard in Resources */,
				66E9E7672ABB7AFF00DC1412 /* Assets.xcassets in Resources */,
			);
			runOnlyForDeploymentPostprocessing = 0;
		};
/* End PBXResourcesBuildPhase section */

/* Begin PBXSourcesBuildPhase section */
		66E9E7562ABB7AFD00DC1412 /* Sources */ = {
			isa = PBXSourcesBuildPhase;
			buildActionMask = 2147483647;
			files = (
				662128BB2ABC9E2200B28A8C /* UIimageLoadImage.swift in Sources */,
				662128BA2ABC9E2200B28A8C /* URlSession + URLRequest.swift in Sources */,
				6620E74E2ABDE742002B2B45 /* CategoryMenuCollectionView.swift in Sources */,
				66E9E7622ABB7AFD00DC1412 /* ViewController.swift in Sources */,
				6620E7462ABDB18D002B2B45 /* TabBarController.swift in Sources */,
				6620E74A2ABDB7C7002B2B45 /* CategoryCollectionViewCell.swift in Sources */,
				6620E7532ABE0258002B2B45 /* SupplementaryView.swift in Sources */,
				662128B42ABC81B700B28A8C /* CategoryModel.swift in Sources */,
				6620E7482ABDB7BA002B2B45 /* CategoryCollectionView.swift in Sources */,
				66E9E75E2ABB7AFD00DC1412 /* AppDelegate.swift in Sources */,
				662128B62ABC82C600B28A8C /* CategoryMenuModel.swift in Sources */,
				662128C12ABCA67C00B28A8C /* CategoryMenuService.swift in Sources */,
				66E9E7602ABB7AFD00DC1412 /* SceneDelegate.swift in Sources */,
				662128BE2ABC9E6100B28A8C /* CategoryService.swift in Sources */,
				6620E7502ABDE758002B2B45 /* CategoryMenuCollectionViewCell.swift in Sources */,
				6620E74C2ABDB823002B2B45 /* GeometricParams.swift in Sources */,
			);
			runOnlyForDeploymentPostprocessing = 0;
		};
/* End PBXSourcesBuildPhase section */

/* Begin PBXVariantGroup section */
		66E9E7682ABB7AFF00DC1412 /* LaunchScreen.storyboard */ = {
			isa = PBXVariantGroup;
			children = (
				66E9E7692ABB7AFF00DC1412 /* Base */,
			);
			name = LaunchScreen.storyboard;
			sourceTree = "<group>";
		};
/* End PBXVariantGroup section */

/* Begin XCBuildConfiguration section */
		66E9E76C2ABB7AFF00DC1412 /* Debug */ = {
			isa = XCBuildConfiguration;
			buildSettings = {
				ALWAYS_SEARCH_USER_PATHS = NO;
				ASSETCATALOG_COMPILER_GENERATE_SWIFT_ASSET_SYMBOL_EXTENSIONS = YES;
				CLANG_ANALYZER_NONNULL = YES;
				CLANG_ANALYZER_NUMBER_OBJECT_CONVERSION = YES_AGGRESSIVE;
				CLANG_CXX_LANGUAGE_STANDARD = "gnu++20";
				CLANG_ENABLE_MODULES = YES;
				CLANG_ENABLE_OBJC_ARC = YES;
				CLANG_ENABLE_OBJC_WEAK = YES;
				CLANG_WARN_BLOCK_CAPTURE_AUTORELEASING = YES;
				CLANG_WARN_BOOL_CONVERSION = YES;
				CLANG_WARN_COMMA = YES;
				CLANG_WARN_CONSTANT_CONVERSION = YES;
				CLANG_WARN_DEPRECATED_OBJC_IMPLEMENTATIONS = YES;
				CLANG_WARN_DIRECT_OBJC_ISA_USAGE = YES_ERROR;
				CLANG_WARN_DOCUMENTATION_COMMENTS = YES;
				CLANG_WARN_EMPTY_BODY = YES;
				CLANG_WARN_ENUM_CONVERSION = YES;
				CLANG_WARN_INFINITE_RECURSION = YES;
				CLANG_WARN_INT_CONVERSION = YES;
				CLANG_WARN_NON_LITERAL_NULL_CONVERSION = YES;
				CLANG_WARN_OBJC_IMPLICIT_RETAIN_SELF = YES;
				CLANG_WARN_OBJC_LITERAL_CONVERSION = YES;
				CLANG_WARN_OBJC_ROOT_CLASS = YES_ERROR;
				CLANG_WARN_QUOTED_INCLUDE_IN_FRAMEWORK_HEADER = YES;
				CLANG_WARN_RANGE_LOOP_ANALYSIS = YES;
				CLANG_WARN_STRICT_PROTOTYPES = YES;
				CLANG_WARN_SUSPICIOUS_MOVE = YES;
				CLANG_WARN_UNGUARDED_AVAILABILITY = YES_AGGRESSIVE;
				CLANG_WARN_UNREACHABLE_CODE = YES;
				CLANG_WARN__DUPLICATE_METHOD_MATCH = YES;
				COPY_PHASE_STRIP = NO;
				DEBUG_INFORMATION_FORMAT = dwarf;
				ENABLE_STRICT_OBJC_MSGSEND = YES;
				ENABLE_TESTABILITY = YES;
				ENABLE_USER_SCRIPT_SANDBOXING = YES;
				GCC_C_LANGUAGE_STANDARD = gnu17;
				GCC_DYNAMIC_NO_PIC = NO;
				GCC_NO_COMMON_BLOCKS = YES;
				GCC_OPTIMIZATION_LEVEL = 0;
				GCC_PREPROCESSOR_DEFINITIONS = (
					"DEBUG=1",
					"$(inherited)",
				);
				GCC_WARN_64_TO_32_BIT_CONVERSION = YES;
				GCC_WARN_ABOUT_RETURN_TYPE = YES_ERROR;
				GCC_WARN_UNDECLARED_SELECTOR = YES;
				GCC_WARN_UNINITIALIZED_AUTOS = YES_AGGRESSIVE;
				GCC_WARN_UNUSED_FUNCTION = YES;
				GCC_WARN_UNUSED_VARIABLE = YES;
				IPHONEOS_DEPLOYMENT_TARGET = 17.0;
				LOCALIZATION_PREFERS_STRING_CATALOGS = YES;
				MTL_ENABLE_DEBUG_INFO = INCLUDE_SOURCE;
				MTL_FAST_MATH = YES;
				ONLY_ACTIVE_ARCH = YES;
				SDKROOT = iphoneos;
				SWIFT_ACTIVE_COMPILATION_CONDITIONS = "DEBUG $(inherited)";
				SWIFT_OPTIMIZATION_LEVEL = "-Onone";
			};
			name = Debug;
		};
		66E9E76D2ABB7AFF00DC1412 /* Release */ = {
			isa = XCBuildConfiguration;
			buildSettings = {
				ALWAYS_SEARCH_USER_PATHS = NO;
				ASSETCATALOG_COMPILER_GENERATE_SWIFT_ASSET_SYMBOL_EXTENSIONS = YES;
				CLANG_ANALYZER_NONNULL = YES;
				CLANG_ANALYZER_NUMBER_OBJECT_CONVERSION = YES_AGGRESSIVE;
				CLANG_CXX_LANGUAGE_STANDARD = "gnu++20";
				CLANG_ENABLE_MODULES = YES;
				CLANG_ENABLE_OBJC_ARC = YES;
				CLANG_ENABLE_OBJC_WEAK = YES;
				CLANG_WARN_BLOCK_CAPTURE_AUTORELEASING = YES;
				CLANG_WARN_BOOL_CONVERSION = YES;
				CLANG_WARN_COMMA = YES;
				CLANG_WARN_CONSTANT_CONVERSION = YES;
				CLANG_WARN_DEPRECATED_OBJC_IMPLEMENTATIONS = YES;
				CLANG_WARN_DIRECT_OBJC_ISA_USAGE = YES_ERROR;
				CLANG_WARN_DOCUMENTATION_COMMENTS = YES;
				CLANG_WARN_EMPTY_BODY = YES;
				CLANG_WARN_ENUM_CONVERSION = YES;
				CLANG_WARN_INFINITE_RECURSION = YES;
				CLANG_WARN_INT_CONVERSION = YES;
				CLANG_WARN_NON_LITERAL_NULL_CONVERSION = YES;
				CLANG_WARN_OBJC_IMPLICIT_RETAIN_SELF = YES;
				CLANG_WARN_OBJC_LITERAL_CONVERSION = YES;
				CLANG_WARN_OBJC_ROOT_CLASS = YES_ERROR;
				CLANG_WARN_QUOTED_INCLUDE_IN_FRAMEWORK_HEADER = YES;
				CLANG_WARN_RANGE_LOOP_ANALYSIS = YES;
				CLANG_WARN_STRICT_PROTOTYPES = YES;
				CLANG_WARN_SUSPICIOUS_MOVE = YES;
				CLANG_WARN_UNGUARDED_AVAILABILITY = YES_AGGRESSIVE;
				CLANG_WARN_UNREACHABLE_CODE = YES;
				CLANG_WARN__DUPLICATE_METHOD_MATCH = YES;
				COPY_PHASE_STRIP = NO;
				DEBUG_INFORMATION_FORMAT = "dwarf-with-dsym";
				ENABLE_NS_ASSERTIONS = NO;
				ENABLE_STRICT_OBJC_MSGSEND = YES;
				ENABLE_USER_SCRIPT_SANDBOXING = YES;
				GCC_C_LANGUAGE_STANDARD = gnu17;
				GCC_NO_COMMON_BLOCKS = YES;
				GCC_WARN_64_TO_32_BIT_CONVERSION = YES;
				GCC_WARN_ABOUT_RETURN_TYPE = YES_ERROR;
				GCC_WARN_UNDECLARED_SELECTOR = YES;
				GCC_WARN_UNINITIALIZED_AUTOS = YES_AGGRESSIVE;
				GCC_WARN_UNUSED_FUNCTION = YES;
				GCC_WARN_UNUSED_VARIABLE = YES;
				IPHONEOS_DEPLOYMENT_TARGET = 17.0;
				LOCALIZATION_PREFERS_STRING_CATALOGS = YES;
				MTL_ENABLE_DEBUG_INFO = NO;
				MTL_FAST_MATH = YES;
				SDKROOT = iphoneos;
				SWIFT_COMPILATION_MODE = wholemodule;
				VALIDATE_PRODUCT = YES;
			};
			name = Release;
		};
		66E9E76F2ABB7AFF00DC1412 /* Debug */ = {
			isa = XCBuildConfiguration;
			buildSettings = {
				ASSETCATALOG_COMPILER_APPICON_NAME = AppIcon;
				ASSETCATALOG_COMPILER_GLOBAL_ACCENT_COLOR_NAME = AccentColor;
				CODE_SIGN_STYLE = Automatic;
				CURRENT_PROJECT_VERSION = 1;
				DEVELOPMENT_TEAM = C3BZB3Q66B;
				GENERATE_INFOPLIST_FILE = YES;
				INFOPLIST_FILE = SushiApp/System/Info.plist;
				INFOPLIST_KEY_UIApplicationSupportsIndirectInputEvents = YES;
				INFOPLIST_KEY_UILaunchStoryboardName = LaunchScreen;
				INFOPLIST_KEY_UISupportedInterfaceOrientations_iPad = "UIInterfaceOrientationPortrait UIInterfaceOrientationPortraitUpsideDown UIInterfaceOrientationLandscapeLeft UIInterfaceOrientationLandscapeRight";
				INFOPLIST_KEY_UISupportedInterfaceOrientations_iPhone = "UIInterfaceOrientationPortrait UIInterfaceOrientationLandscapeLeft UIInterfaceOrientationLandscapeRight";
				LD_RUNPATH_SEARCH_PATHS = (
					"$(inherited)",
					"@executable_path/Frameworks",
				);
				MARKETING_VERSION = 1.0;
				PRODUCT_BUNDLE_IDENTIFIER = "ru.Georgy-hook.SushiApp";
				PRODUCT_NAME = "$(TARGET_NAME)";
				SWIFT_EMIT_LOC_STRINGS = YES;
				SWIFT_VERSION = 5.0;
				TARGETED_DEVICE_FAMILY = "1,2";
			};
			name = Debug;
		};
		66E9E7702ABB7AFF00DC1412 /* Release */ = {
			isa = XCBuildConfiguration;
			buildSettings = {
				ASSETCATALOG_COMPILER_APPICON_NAME = AppIcon;
				ASSETCATALOG_COMPILER_GLOBAL_ACCENT_COLOR_NAME = AccentColor;
				CODE_SIGN_STYLE = Automatic;
				CURRENT_PROJECT_VERSION = 1;
				DEVELOPMENT_TEAM = C3BZB3Q66B;
				GENERATE_INFOPLIST_FILE = YES;
				INFOPLIST_FILE = SushiApp/System/Info.plist;
				INFOPLIST_KEY_UIApplicationSupportsIndirectInputEvents = YES;
				INFOPLIST_KEY_UILaunchStoryboardName = LaunchScreen;
				INFOPLIST_KEY_UISupportedInterfaceOrientations_iPad = "UIInterfaceOrientationPortrait UIInterfaceOrientationPortraitUpsideDown UIInterfaceOrientationLandscapeLeft UIInterfaceOrientationLandscapeRight";
				INFOPLIST_KEY_UISupportedInterfaceOrientations_iPhone = "UIInterfaceOrientationPortrait UIInterfaceOrientationLandscapeLeft UIInterfaceOrientationLandscapeRight";
				LD_RUNPATH_SEARCH_PATHS = (
					"$(inherited)",
					"@executable_path/Frameworks",
				);
				MARKETING_VERSION = 1.0;
				PRODUCT_BUNDLE_IDENTIFIER = "ru.Georgy-hook.SushiApp";
				PRODUCT_NAME = "$(TARGET_NAME)";
				SWIFT_EMIT_LOC_STRINGS = YES;
				SWIFT_VERSION = 5.0;
				TARGETED_DEVICE_FAMILY = "1,2";
			};
			name = Release;
		};
/* End XCBuildConfiguration section */

/* Begin XCConfigurationList section */
		66E9E7552ABB7AFD00DC1412 /* Build configuration list for PBXProject "SushiApp" */ = {
			isa = XCConfigurationList;
			buildConfigurations = (
				66E9E76C2ABB7AFF00DC1412 /* Debug */,
				66E9E76D2ABB7AFF00DC1412 /* Release */,
			);
			defaultConfigurationIsVisible = 0;
			defaultConfigurationName = Release;
		};
		66E9E76E2ABB7AFF00DC1412 /* Build configuration list for PBXNativeTarget "SushiApp" */ = {
			isa = XCConfigurationList;
			buildConfigurations = (
				66E9E76F2ABB7AFF00DC1412 /* Debug */,
				66E9E7702ABB7AFF00DC1412 /* Release */,
			);
			defaultConfigurationIsVisible = 0;
			defaultConfigurationName = Release;
		};
/* End XCConfigurationList section */
	};
	rootObject = 66E9E7522ABB7AFD00DC1412 /* Project object */;
}
